
Microsoft Visual Studio Solution File, Format Version 12.00
# Visual Studio 2013
VisualStudioVersion = 12.0.30723.0
MinimumVisualStudioVersion = 10.0.40219.1
Project("{FAE04EC0-301F-11D3-BF4B-00C04F79EFBC}") = "UTS_TFS", "UTS_TFS\UTS_TFS.csproj", "{B70A1B1E-C132-4DCE-8EEA-928BBE46BC48}"
EndProject
Project("{FAE04EC0-301F-11D3-BF4B-00C04F79EFBC}") = "UTS_TFS.Tests", "UTS_TFS.Tests\UTS_TFS.Tests.csproj", "{9CF1D920-F8B2-4FEA-B3C7-306C054F0F8E}"
EndProject
Global
	GlobalSection(SolutionConfigurationPlatforms) = preSolution
		Debug|Any CPU = Debug|Any CPU
		Release|Any CPU = Release|Any CPU
	EndGlobalSection
	GlobalSection(ProjectConfigurationPlatforms) = postSolution
		{B70A1B1E-C132-4DCE-8EEA-928BBE46BC48}.Debug|Any CPU.ActiveCfg = Debug|Any CPU
		{B70A1B1E-C132-4DCE-8EEA-928BBE46BC48}.Debug|Any CPU.Build.0 = Debug|Any CPU
		{B70A1B1E-C132-4DCE-8EEA-928BBE46BC48}.Release|Any CPU.ActiveCfg = Release|Any CPU
		{B70A1B1E-C132-4DCE-8EEA-928BBE46BC48}.Release|Any CPU.Build.0 = Release|Any CPU
		{9CF1D920-F8B2-4FEA-B3C7-306C054F0F8E}.Debug|Any CPU.ActiveCfg = Debug|Any CPU
		{9CF1D920-F8B2-4FEA-B3C7-306C054F0F8E}.Debug|Any CPU.Build.0 = Debug|Any CPU
		{9CF1D920-F8B2-4FEA-B3C7-306C054F0F8E}.Release|Any CPU.ActiveCfg = Release|Any CPU
		{9CF1D920-F8B2-4FEA-B3C7-306C054F0F8E}.Release|Any CPU.Build.0 = Release|Any CPU
	EndGlobalSection
	GlobalSection(SolutionProperties) = preSolution
		HideSolutionNode = FALSE
	EndGlobalSection
EndGlobal
